{
    "_readme": [
        "This file locks the dependencies of your project to a known state",
        "Read more about it at https://getcomposer.org/doc/01-basic-usage.md#composer-lock-the-lock-file",
        "This file is @generated automatically"
    ],
    "hash": "b5942a490cf7fb0013c04e2977bdfbe9",
    "content-hash": "7ebdfadccef07b3609287e568116f4c6",
    "packages": [
        {
            "name": "crodas/class-info",
            "version": "v0.1.17",
            "source": {
                "type": "git",
                "url": "https://github.com/crodas/ClassInfo.git",
                "reference": "d8e15a64b2b31b5c3ebece582018eee86e9a2638"
            },
            "dist": {
                "type": "zip",
                "url": "https://api.github.com/repos/crodas/ClassInfo/zipball/d8e15a64b2b31b5c3ebece582018eee86e9a2638",
                "reference": "d8e15a64b2b31b5c3ebece582018eee86e9a2638",
                "shasum": ""
            },
            "require": {
                "nikic/php-parser": "1.1.*"
            },
            "type": "library",
            "autoload": {
                "psr-0": {
                    "crodas": "lib/"
                }
            },
            "notification-url": "https://packagist.org/downloads/",
            "license": [
                "BSD-4-Clause"
            ],
            "authors": [
                {
                    "name": "César D. Rodas",
                    "email": "crodas@php.net"
                }
            ],
            "description": "Get classes and functions defined in a given file",
            "time": "2015-05-02 15:25:50"
        },
        {
            "name": "crodas/cli",
            "version": "v0.1.7",
            "source": {
                "type": "git",
                "url": "https://github.com/crodas/cli.git",
                "reference": "c4a5cae42caa2891f94b69c8c2cf908f0db305a0"
            },
            "dist": {
                "type": "zip",
                "url": "https://api.github.com/repos/crodas/cli/zipball/c4a5cae42caa2891f94b69c8c2cf908f0db305a0",
                "reference": "c4a5cae42caa2891f94b69c8c2cf908f0db305a0",
                "shasum": ""
            },
            "require": {
                "crodas/file-util": "^0.1.14",
                "crodas/notoj": "^1.0.5",
                "symfony/console": "^2.7"
            },
            "type": "library",
            "autoload": {
                "psr-0": {
                    "crodas": "lib/"
                }
            },
            "notification-url": "https://packagist.org/downloads/",
            "license": [
                "BSD-4-Clause"
            ],
            "authors": [
                {
                    "name": "César D. Rodas",
                    "email": "crodas@php.net"
                }
            ],
            "description": "Simple and silly abstraction on top of symfony/console",
            "time": "2015-08-30 17:27:24"
        },
        {
            "name": "crodas/file-util",
            "version": "v0.1.19",
            "source": {
                "type": "git",
                "url": "https://github.com/crodas/FileUtils.git",
                "reference": "57195fbfea90200361b7b04023687154a7c5dcd7"
            },
            "dist": {
                "type": "zip",
                "url": "https://api.github.com/repos/crodas/FileUtils/zipball/57195fbfea90200361b7b04023687154a7c5dcd7",
                "reference": "57195fbfea90200361b7b04023687154a7c5dcd7",
                "shasum": ""
            },
            "type": "library",
            "autoload": {
                "psr-0": {
                    "crodas": "lib/"
                }
            },
            "notification-url": "https://packagist.org/downloads/",
            "license": [
                "BSD-4-Clause"
            ],
            "authors": [
                {
                    "name": "César D. Rodas",
                    "email": "crodas@php.net"
                }
            ],
            "description": "Useful libraries to manipulate files",
            "time": "2015-07-31 06:29:10"
        },
        {
            "name": "crodas/notoj",
            "version": "v1.0.9",
            "source": {
                "type": "git",
                "url": "https://github.com/crodas/Notoj.git",
                "reference": "9227ef3d378ab0d821853f20f59e8361087422ff"
            },
            "dist": {
                "type": "zip",
                "url": "https://api.github.com/repos/crodas/Notoj/zipball/9227ef3d378ab0d821853f20f59e8361087422ff",
                "reference": "9227ef3d378ab0d821853f20f59e8361087422ff",
                "shasum": ""
            },
            "require": {
                "crodas/class-info": "^0.1.11",
                "crodas/file-util": "^0.1.18",
                "php": ">=5.3.0"
            },
            "type": "library",
            "autoload": {
                "psr-0": {
                    "Notoj": "lib/"
                }
            },
            "notification-url": "https://packagist.org/downloads/",
            "license": [
                "BSD-4-Clause"
            ],
            "authors": [
                {
                    "name": "César D. Rodas",
                    "email": "crodas@php.net"
                }
            ],
            "description": "Annotation parser. Uses reflection and provides cache out of the box.",
            "time": "2015-08-25 15:32:05"
        },
        {
            "name": "nikic/php-parser",
            "version": "v1.1.0",
            "source": {
                "type": "git",
                "url": "https://github.com/nikic/PHP-Parser.git",
                "reference": "ac05ef6f95bf8361549604b6031c115f92f39528"
            },
            "dist": {
                "type": "zip",
                "url": "https://api.github.com/repos/nikic/PHP-Parser/zipball/ac05ef6f95bf8361549604b6031c115f92f39528",
                "reference": "ac05ef6f95bf8361549604b6031c115f92f39528",
                "shasum": ""
            },
            "require": {
                "ext-tokenizer": "*",
                "php": ">=5.3"
            },
            "type": "library",
            "extra": {
                "branch-alias": {
                    "dev-master": "1.0-dev"
                }
            },
            "autoload": {
                "files": [
                    "lib/bootstrap.php"
                ]
            },
            "notification-url": "https://packagist.org/downloads/",
            "license": [
                "BSD-3-Clause"
            ],
            "authors": [
                {
                    "name": "Nikita Popov"
                }
            ],
            "description": "A PHP parser written in PHP",
            "keywords": [
                "parser",
                "php"
            ],
            "time": "2015-01-18 11:29:59"
        },
        {
            "name": "symfony/console",
            "version": "v2.7.6",
            "source": {
                "type": "git",
                "url": "https://github.com/symfony/console.git",
                "reference": "5efd632294c8320ea52492db22292ff853a43766"
            },
            "dist": {
                "type": "zip",
                "url": "https://api.github.com/repos/symfony/console/zipball/5efd632294c8320ea52492db22292ff853a43766",
                "reference": "5efd632294c8320ea52492db22292ff853a43766",
                "shasum": ""
            },
            "require": {
                "php": ">=5.3.9"
            },
            "require-dev": {
                "psr/log": "~1.0",
                "symfony/event-dispatcher": "~2.1",
                "symfony/process": "~2.1"
            },
            "suggest": {
                "psr/log": "For using the console logger",
                "symfony/event-dispatcher": "",
                "symfony/process": ""
            },
            "type": "library",
            "extra": {
                "branch-alias": {
                    "dev-master": "2.7-dev"
                }
            },
            "autoload": {
                "psr-4": {
                    "Symfony\\Component\\Console\\": ""
                }
            },
            "notification-url": "https://packagist.org/downloads/",
            "license": [
                "MIT"
            ],
            "authors": [
                {
                    "name": "Fabien Potencier",
                    "email": "fabien@symfony.com"
                },
                {
                    "name": "Symfony Community",
                    "homepage": "https://symfony.com/contributors"
                }
            ],
            "description": "Symfony Console Component",
            "homepage": "https://symfony.com",
            "time": "2015-10-20 14:38:46"
        }
    ],
    "packages-dev": [
        {
            "name": "crodas/service-provider",
            "version": "v0.1.31",
            "source": {
                "type": "git",
                "url": "https://github.com/crodas/ServiceProvider.git",
                "reference": "ec6f0e0b852ac477f70469819d858a7f0cf9d8e1"
            },
            "dist": {
                "type": "zip",
                "url": "https://api.github.com/repos/crodas/ServiceProvider/zipball/ec6f0e0b852ac477f70469819d858a7f0cf9d8e1",
                "reference": "ec6f0e0b852ac477f70469819d858a7f0cf9d8e1",
                "shasum": ""
            },
            "require": {
                "crodas/file-util": "~0.1",
                "crodas/notoj": "^1.0",
                "crodas/simple-view-engine": "~0.1",
                "crodas/watch-files": "~0.1",
                "seld/jsonlint": "*",
                "symfony/yaml": "~2.6"
            },
            "type": "library",
            "autoload": {
                "psr-0": {
                    "ServiceProvider": "lib/"
                }
            },
            "notification-url": "https://packagist.org/downloads/",
            "license": [
                "BSD-4-Clause"
            ],
            "authors": [
                {
                    "name": "César D. Rodas",
                    "email": "crodas@php.net"
                }
            ],
            "description": "Little configuration manager and dependency injection",
            "time": "2015-07-05 20:32:41"
        },
        {
            "name": "crodas/simple-view-engine",
            "version": "v0.1.37",
            "source": {
                "type": "git",
                "url": "https://github.com/crodas/SimpleView.git",
                "reference": "5fc97024744d37bfdb82c890878c8b2a07cf017f"
            },
            "dist": {
                "type": "zip",
                "url": "https://api.github.com/repos/crodas/SimpleView/zipball/5fc97024744d37bfdb82c890878c8b2a07cf017f",
                "reference": "5fc97024744d37bfdb82c890878c8b2a07cf017f",
                "shasum": ""
            },
            "require": {
                "crodas/service-provider": "~0.1",
                "crodas/watch-files": "*",
                "symfony/console": "*",
                "symfony/finder": "*"
            },
            "suggest": {
                "crodas/asset": "To use assets with the view"
            },
            "type": "library",
            "autoload": {
                "classmap": [
                    "lib/"
                ]
            },
            "notification-url": "https://packagist.org/downloads/",
            "license": [
                "BSD-4-Clause"
            ],
            "authors": [
                {
                    "name": "César D. Rodas",
                    "email": "crodas@php.net"
                }
            ],
            "description": "Simple View engine designed to generate code. Based on Laravel's 4 Blade.",
            "time": "2015-03-09 01:38:36"
        },
        {
            "name": "crodas/watch-files",
            "version": "v0.1.6",
            "source": {
                "type": "git",
                "url": "https://github.com/crodas/WatchFiles.git",
                "reference": "e9e08aa4ee6e7503e57d953eebd50193bf7a2580"
            },
            "dist": {
                "type": "zip",
                "url": "https://api.github.com/repos/crodas/WatchFiles/zipball/e9e08aa4ee6e7503e57d953eebd50193bf7a2580",
                "reference": "e9e08aa4ee6e7503e57d953eebd50193bf7a2580",
                "shasum": ""
            },
            "require": {
                "crodas/file-util": ">=0.1.7",
                "crodas/simple-view-engine": "~0.1"
            },
            "type": "library",
            "autoload": {
                "psr-0": {
                    "WatchFiles": "lib/"
                }
            },
            "notification-url": "https://packagist.org/downloads/",
            "license": [
                "BSD-4-Clause"
            ],
            "authors": [
                {
                    "name": "César D. Rodas",
                    "email": "crodas@php.net"
                }
            ],
            "description": "Watch files and directories for changes",
            "time": "2015-01-04 19:16:44"
        },
        {
            "name": "seld/jsonlint",
            "version": "1.3.1",
            "source": {
                "type": "git",
                "url": "https://github.com/Seldaek/jsonlint.git",
                "reference": "863ae85c6d3ef60ca49cb12bd051c4a0648c40c4"
            },
            "dist": {
                "type": "zip",
                "url": "https://api.github.com/repos/Seldaek/jsonlint/zipball/863ae85c6d3ef60ca49cb12bd051c4a0648c40c4",
                "reference": "863ae85c6d3ef60ca49cb12bd051c4a0648c40c4",
                "shasum": ""
            },
            "require": {
                "php": ">=5.3.0"
            },
            "bin": [
                "bin/jsonlint"
            ],
            "type": "library",
            "autoload": {
                "psr-4": {
                    "Seld\\JsonLint\\": "src/Seld/JsonLint/"
                }
            },
            "notification-url": "https://packagist.org/downloads/",
            "license": [
                "MIT"
            ],
            "authors": [
                {
                    "name": "Jordi Boggiano",
                    "email": "j.boggiano@seld.be",
                    "homepage": "http://seld.be"
                }
            ],
            "description": "JSON Linter",
            "keywords": [
                "json",
                "linter",
                "parser",
                "validator"
            ],
            "time": "2015-01-04 21:18:15"
        },
        {
            "name": "symfony/finder",
            "version": "v2.7.6",
            "source": {
                "type": "git",
                "url": "https://github.com/symfony/finder.git",
                "reference": "2ffb4e9598db3c48eb6d0ae73b04bbf09280c59d"
            },
            "dist": {
                "type": "zip",
                "url": "https://api.github.com/repos/symfony/finder/zipball/2ffb4e9598db3c48eb6d0ae73b04bbf09280c59d",
                "reference": "2ffb4e9598db3c48eb6d0ae73b04bbf09280c59d",
                "shasum": ""
            },
            "require": {
                "php": ">=5.3.9"
            },
            "type": "library",
            "extra": {
                "branch-alias": {
                    "dev-master": "2.7-dev"
                }
            },
            "autoload": {
                "psr-4": {
                    "Symfony\\Component\\Finder\\": ""
                }
            },
            "notification-url": "https://packagist.org/downloads/",
            "license": [
                "MIT"
            ],
            "authors": [
                {
                    "name": "Fabien Potencier",
                    "email": "fabien@symfony.com"
                },
                {
                    "name": "Symfony Community",
                    "homepage": "https://symfony.com/contributors"
                }
            ],
            "description": "Symfony Finder Component",
            "homepage": "https://symfony.com",
            "time": "2015-10-11 09:39:48"
        },
        {
            "name": "symfony/yaml",
            "version": "v2.7.6",
            "source": {
                "type": "git",
                "url": "https://github.com/symfony/yaml.git",
                "reference": "eca9019c88fbe250164affd107bc8057771f3f4d"
            },
            "dist": {
                "type": "zip",
                "url": "https://api.github.com/repos/symfony/yaml/zipball/eca9019c88fbe250164affd107bc8057771f3f4d",
                "reference": "eca9019c88fbe250164affd107bc8057771f3f4d",
                "shasum": ""
            },
            "require": {
                "php": ">=5.3.9"
            },
            "type": "library",
            "extra": {
                "branch-alias": {
                    "dev-master": "2.7-dev"
                }
            },
            "autoload": {
                "psr-4": {
                    "Symfony\\Component\\Yaml\\": ""
                }
            },
            "notification-url": "https://packagist.org/downloads/",
            "license": [
                "MIT"
            ],
            "authors": [
                {
                    "name": "Fabien Potencier",
                    "email": "fabien@symfony.com"
                },
                {
                    "name": "Symfony Community",
                    "homepage": "https://symfony.com/contributors"
                }
            ],
            "description": "Symfony Yaml Component",
            "homepage": "https://symfony.com",
            "time": "2015-10-11 09:39:48"
        }
    ],
    "aliases": [],
    "minimum-stability": "stable",
    "stability-flags": [],
    "prefer-stable": false,
    "prefer-lowest": false,
    "platform": [],
    "platform-dev": []
}
